// !$*UTF8*$!
{
	archiveVersion = 1;
	classes = {
	};
	objectVersion = 51;
	objects = {

/* Begin PBXBuildFile section */
		0D13B70425C2E1DD009FA822 /* mapViewController.swift in Sources */ = {isa = PBXBuildFile; fileRef = 0D13B70325C2E1DD009FA822 /* mapViewController.swift */; };
		0D44E9E325FA506800ADD81A /* listMonumentsController.swift in Sources */ = {isa = PBXBuildFile; fileRef = 0D44E9E225FA506700ADD81A /* listMonumentsController.swift */; };
		0D61C2AD25E9145E00EA316E /* cameraViewController.swift in Sources */ = {isa = PBXBuildFile; fileRef = 0D61C2AC25E9145E00EA316E /* cameraViewController.swift */; };
		0D80403C25D15E6100D42874 /* mapSettingsViewController.swift in Sources */ = {isa = PBXBuildFile; fileRef = 0D80403B25D15E6100D42874 /* mapSettingsViewController.swift */; };
		0D80403E25D1653B00D42874 /* infoViewController.swift in Sources */ = {isa = PBXBuildFile; fileRef = 0D80403D25D1653B00D42874 /* infoViewController.swift */; };
		0D8E644425CAD8A900D8B59F /* profileViewController.swift in Sources */ = {isa = PBXBuildFile; fileRef = 0D8E644325CAD8A900D8B59F /* profileViewController.swift */; };
		0D8E6A8625C428C500E9A583 /* registerViewController.swift in Sources */ = {isa = PBXBuildFile; fileRef = 0D8E6A8525C428C500E9A583 /* registerViewController.swift */; };
		0D8E6A8825C42A1000E9A583 /* routeViewController.swift in Sources */ = {isa = PBXBuildFile; fileRef = 0D8E6A8725C42A1000E9A583 /* routeViewController.swift */; };
		0D8E6A8A25C42A6900E9A583 /* settingsViewController.swift in Sources */ = {isa = PBXBuildFile; fileRef = 0D8E6A8925C42A6900E9A583 /* settingsViewController.swift */; };
		0D8E6A8E25C42AF800E9A583 /* changePWViewController.swift in Sources */ = {isa = PBXBuildFile; fileRef = 0D8E6A8D25C42AF800E9A583 /* changePWViewController.swift */; };
		0D8E6A9025C42B3100E9A583 /* recoverPWViewController.swift in Sources */ = {isa = PBXBuildFile; fileRef = 0D8E6A8F25C42B3100E9A583 /* recoverPWViewController.swift */; };
		7F38F2E025D6B3360002E75E /* APIManager.swift in Sources */ = {isa = PBXBuildFile; fileRef = 7F38F2DF25D6B3360002E75E /* APIManager.swift */; };
		7F38F2E225D6B4230002E75E /* User.swift in Sources */ = {isa = PBXBuildFile; fileRef = 7F38F2E125D6B4230002E75E /* User.swift */; };
		7FCF03AF25EE5C6900AEC88D /* Route.swift in Sources */ = {isa = PBXBuildFile; fileRef = 7FCF03AE25EE5C6900AEC88D /* Route.swift */; };
		7FEFE94925F7A423007B6480 /* listMonumentsController.swift in Sources */ = {isa = PBXBuildFile; fileRef = 7FEFE94825F7A423007B6480 /* listMonumentsController.swift */; };
		7FF0932B25E921370059B65B /* mapa1.mlmodel in Sources */ = {isa = PBXBuildFile; fileRef = 7FF0932A25E921370059B65B /* mapa1.mlmodel */; };
		7FF0932D25E922350059B65B /* casaCorreos.jpg in Resources */ = {isa = PBXBuildFile; fileRef = 7FF0932C25E922350059B65B /* casaCorreos.jpg */; };
		7FF0932F25E9223E0059B65B /* madridWP.jpg in Resources */ = {isa = PBXBuildFile; fileRef = 7FF0932E25E9223E0059B65B /* madridWP.jpg */; };
		7FF0933125E922490059B65B /* plasaMaior.jpg in Resources */ = {isa = PBXBuildFile; fileRef = 7FF0933025E922490059B65B /* plasaMaior.jpg */; };
		7FF0933325E922500059B65B /* cibeles.jpg in Resources */ = {isa = PBXBuildFile; fileRef = 7FF0933225E922500059B65B /* cibeles.jpg */; };
		7FF0933525E922590059B65B /* nepetuno.jpg in Resources */ = {isa = PBXBuildFile; fileRef = 7FF0933425E922590059B65B /* nepetuno.jpg */; };
		7FF0933725E922620059B65B /* puertaAlcala.jpg in Resources */ = {isa = PBXBuildFile; fileRef = 7FF0933625E922620059B65B /* puertaAlcala.jpg */; };
		7FF0933925E922690059B65B /* colon.jpg in Resources */ = {isa = PBXBuildFile; fileRef = 7FF0933825E922690059B65B /* colon.jpg */; };
		7FF0933B25E922720059B65B /* debod.jpg in Resources */ = {isa = PBXBuildFile; fileRef = 7FF0933A25E922720059B65B /* debod.jpg */; };
		7FF0933D25E922790059B65B /* oso.jpg in Resources */ = {isa = PBXBuildFile; fileRef = 7FF0933C25E922790059B65B /* oso.jpg */; };
		7FF80BD325B99D5900723384 /* AppDelegate.swift in Sources */ = {isa = PBXBuildFile; fileRef = 7FF80BD225B99D5900723384 /* AppDelegate.swift */; };
		7FF80BD525B99D5900723384 /* SceneDelegate.swift in Sources */ = {isa = PBXBuildFile; fileRef = 7FF80BD425B99D5900723384 /* SceneDelegate.swift */; };
		7FF80BD725B99D5900723384 /* loginViewController.swift in Sources */ = {isa = PBXBuildFile; fileRef = 7FF80BD625B99D5900723384 /* loginViewController.swift */; };
		7FF80BDA25B99D5900723384 /* Main.storyboard in Resources */ = {isa = PBXBuildFile; fileRef = 7FF80BD825B99D5900723384 /* Main.storyboard */; };
		7FF80BDC25B99D5A00723384 /* Assets.xcassets in Resources */ = {isa = PBXBuildFile; fileRef = 7FF80BDB25B99D5A00723384 /* Assets.xcassets */; };
		7FF80BDF25B99D5A00723384 /* LaunchScreen.storyboard in Resources */ = {isa = PBXBuildFile; fileRef = 7FF80BDD25B99D5A00723384 /* LaunchScreen.storyboard */; };
		7FF80BEA25B99D5A00723384 /* rutasTests.swift in Sources */ = {isa = PBXBuildFile; fileRef = 7FF80BE925B99D5A00723384 /* rutasTests.swift */; };
		7FF80BF525B99D5A00723384 /* rutasUITests.swift in Sources */ = {isa = PBXBuildFile; fileRef = 7FF80BF425B99D5A00723384 /* rutasUITests.swift */; };
		C06146A6F6B21B93FE71C4FA /* Pods_rutas.framework in Frameworks */ = {isa = PBXBuildFile; fileRef = E796129CFEC1BE0ABB2EFE50 /* Pods_rutas.framework */; };
/* End PBXBuildFile section */

/* Begin PBXContainerItemProxy section */
		7FF80BE625B99D5A00723384 /* PBXContainerItemProxy */ = {
			isa = PBXContainerItemProxy;
			containerPortal = 7FF80BC725B99D5900723384 /* Project object */;
			proxyType = 1;
			remoteGlobalIDString = 7FF80BCE25B99D5900723384;
			remoteInfo = rutas;
		};
		7FF80BF125B99D5A00723384 /* PBXContainerItemProxy */ = {
			isa = PBXContainerItemProxy;
			containerPortal = 7FF80BC725B99D5900723384 /* Project object */;
			proxyType = 1;
			remoteGlobalIDString = 7FF80BCE25B99D5900723384;
			remoteInfo = rutas;
		};
/* End PBXContainerItemProxy section */

/* Begin PBXFileReference section */
		0D13B70325C2E1DD009FA822 /* mapViewController.swift */ = {isa = PBXFileReference; lastKnownFileType = sourcecode.swift; path = mapViewController.swift; sourceTree = "<group>"; };
		0D44E9E225FA506700ADD81A /* listMonumentsController.swift */ = {isa = PBXFileReference; fileEncoding = 4; lastKnownFileType = sourcecode.swift; name = listMonumentsController.swift; path = ../../Downloads/listMonumentsController.swift; sourceTree = "<group>"; };
		0D61C2AC25E9145E00EA316E /* cameraViewController.swift */ = {isa = PBXFileReference; lastKnownFileType = sourcecode.swift; path = cameraViewController.swift; sourceTree = "<group>"; };
		0D80403B25D15E6100D42874 /* mapSettingsViewController.swift */ = {isa = PBXFileReference; lastKnownFileType = sourcecode.swift; path = mapSettingsViewController.swift; sourceTree = "<group>"; };
		0D80403D25D1653B00D42874 /* infoViewController.swift */ = {isa = PBXFileReference; lastKnownFileType = sourcecode.swift; path = infoViewController.swift; sourceTree = "<group>"; };
		0D8E644325CAD8A900D8B59F /* profileViewController.swift */ = {isa = PBXFileReference; lastKnownFileType = sourcecode.swift; path = profileViewController.swift; sourceTree = "<group>"; };
		0D8E6A8525C428C500E9A583 /* registerViewController.swift */ = {isa = PBXFileReference; lastKnownFileType = sourcecode.swift; path = registerViewController.swift; sourceTree = "<group>"; };
		0D8E6A8725C42A1000E9A583 /* routeViewController.swift */ = {isa = PBXFileReference; lastKnownFileType = sourcecode.swift; path = routeViewController.swift; sourceTree = "<group>"; };
		0D8E6A8925C42A6900E9A583 /* settingsViewController.swift */ = {isa = PBXFileReference; lastKnownFileType = sourcecode.swift; path = settingsViewController.swift; sourceTree = "<group>"; };
		0D8E6A8D25C42AF800E9A583 /* changePWViewController.swift */ = {isa = PBXFileReference; lastKnownFileType = sourcecode.swift; path = changePWViewController.swift; sourceTree = "<group>"; };
		0D8E6A8F25C42B3100E9A583 /* recoverPWViewController.swift */ = {isa = PBXFileReference; lastKnownFileType = sourcecode.swift; path = recoverPWViewController.swift; sourceTree = "<group>"; };
		6798D9637F3096D5C2A5DDC3 /* Pods-rutas.release.xcconfig */ = {isa = PBXFileReference; includeInIndex = 1; lastKnownFileType = text.xcconfig; name = "Pods-rutas.release.xcconfig"; path = "Target Support Files/Pods-rutas/Pods-rutas.release.xcconfig"; sourceTree = "<group>"; };
		7F38F2DF25D6B3360002E75E /* APIManager.swift */ = {isa = PBXFileReference; fileEncoding = 4; lastKnownFileType = sourcecode.swift; path = APIManager.swift; sourceTree = "<group>"; };
		7F38F2E125D6B4230002E75E /* User.swift */ = {isa = PBXFileReference; fileEncoding = 4; lastKnownFileType = sourcecode.swift; path = User.swift; sourceTree = "<group>"; };
		7FB19A09C07514186E0C471D /* Pods-rutas.debug.xcconfig */ = {isa = PBXFileReference; includeInIndex = 1; lastKnownFileType = text.xcconfig; name = "Pods-rutas.debug.xcconfig"; path = "Target Support Files/Pods-rutas/Pods-rutas.debug.xcconfig"; sourceTree = "<group>"; };
		7FCF03AE25EE5C6900AEC88D /* Route.swift */ = {isa = PBXFileReference; lastKnownFileType = sourcecode.swift; path = Route.swift; sourceTree = "<group>"; };
		7FEFE94825F7A423007B6480 /* listMonumentsController.swift */ = {isa = PBXFileReference; lastKnownFileType = sourcecode.swift; path = listMonumentsController.swift; sourceTree = "<group>"; };
		7FF0932A25E921370059B65B /* mapa1.mlmodel */ = {isa = PBXFileReference; lastKnownFileType = file.mlmodel; path = mapa1.mlmodel; sourceTree = "<group>"; };
		7FF0932C25E922350059B65B /* casaCorreos.jpg */ = {isa = PBXFileReference; lastKnownFileType = image.jpeg; name = casaCorreos.jpg; path = fondoPantalla/casaCorreos.jpg; sourceTree = SOURCE_ROOT; };
		7FF0932E25E9223E0059B65B /* madridWP.jpg */ = {isa = PBXFileReference; lastKnownFileType = image.jpeg; name = madridWP.jpg; path = fondoPantalla/madridWP.jpg; sourceTree = SOURCE_ROOT; };
		7FF0933025E922490059B65B /* plasaMaior.jpg */ = {isa = PBXFileReference; lastKnownFileType = image.jpeg; name = plasaMaior.jpg; path = fondoPantalla/plasaMaior.jpg; sourceTree = SOURCE_ROOT; };
		7FF0933225E922500059B65B /* cibeles.jpg */ = {isa = PBXFileReference; lastKnownFileType = image.jpeg; name = cibeles.jpg; path = fondoPantalla/cibeles.jpg; sourceTree = SOURCE_ROOT; };
		7FF0933425E922590059B65B /* nepetuno.jpg */ = {isa = PBXFileReference; lastKnownFileType = image.jpeg; name = nepetuno.jpg; path = fondoPantalla/nepetuno.jpg; sourceTree = SOURCE_ROOT; };
		7FF0933625E922620059B65B /* puertaAlcala.jpg */ = {isa = PBXFileReference; lastKnownFileType = image.jpeg; name = puertaAlcala.jpg; path = fondoPantalla/puertaAlcala.jpg; sourceTree = SOURCE_ROOT; };
		7FF0933825E922690059B65B /* colon.jpg */ = {isa = PBXFileReference; lastKnownFileType = image.jpeg; name = colon.jpg; path = fondoPantalla/colon.jpg; sourceTree = SOURCE_ROOT; };
		7FF0933A25E922720059B65B /* debod.jpg */ = {isa = PBXFileReference; lastKnownFileType = image.jpeg; name = debod.jpg; path = fondoPantalla/debod.jpg; sourceTree = SOURCE_ROOT; };
		7FF0933C25E922790059B65B /* oso.jpg */ = {isa = PBXFileReference; lastKnownFileType = image.jpeg; name = oso.jpg; path = fondoPantalla/oso.jpg; sourceTree = SOURCE_ROOT; };
		7FF80BCF25B99D5900723384 /* rutas.app */ = {isa = PBXFileReference; explicitFileType = wrapper.application; includeInIndex = 0; path = rutas.app; sourceTree = BUILT_PRODUCTS_DIR; };
		7FF80BD225B99D5900723384 /* AppDelegate.swift */ = {isa = PBXFileReference; lastKnownFileType = sourcecode.swift; path = AppDelegate.swift; sourceTree = "<group>"; };
		7FF80BD425B99D5900723384 /* SceneDelegate.swift */ = {isa = PBXFileReference; lastKnownFileType = sourcecode.swift; path = SceneDelegate.swift; sourceTree = "<group>"; };
		7FF80BD625B99D5900723384 /* loginViewController.swift */ = {isa = PBXFileReference; lastKnownFileType = sourcecode.swift; path = loginViewController.swift; sourceTree = "<group>"; };
		7FF80BD925B99D5900723384 /* Base */ = {isa = PBXFileReference; lastKnownFileType = file.storyboard; name = Base; path = Base.lproj/Main.storyboard; sourceTree = "<group>"; };
		7FF80BDB25B99D5A00723384 /* Assets.xcassets */ = {isa = PBXFileReference; lastKnownFileType = folder.assetcatalog; path = Assets.xcassets; sourceTree = "<group>"; };
		7FF80BDE25B99D5A00723384 /* Base */ = {isa = PBXFileReference; lastKnownFileType = file.storyboard; name = Base; path = Base.lproj/LaunchScreen.storyboard; sourceTree = "<group>"; };
		7FF80BE025B99D5A00723384 /* Info.plist */ = {isa = PBXFileReference; lastKnownFileType = text.plist.xml; path = Info.plist; sourceTree = "<group>"; };
		7FF80BE525B99D5A00723384 /* rutasTests.xctest */ = {isa = PBXFileReference; explicitFileType = wrapper.cfbundle; includeInIndex = 0; path = rutasTests.xctest; sourceTree = BUILT_PRODUCTS_DIR; };
		7FF80BE925B99D5A00723384 /* rutasTests.swift */ = {isa = PBXFileReference; lastKnownFileType = sourcecode.swift; path = rutasTests.swift; sourceTree = "<group>"; };
		7FF80BEB25B99D5A00723384 /* Info.plist */ = {isa = PBXFileReference; lastKnownFileType = text.plist.xml; path = Info.plist; sourceTree = "<group>"; };
		7FF80BF025B99D5A00723384 /* rutasUITests.xctest */ = {isa = PBXFileReference; explicitFileType = wrapper.cfbundle; includeInIndex = 0; path = rutasUITests.xctest; sourceTree = BUILT_PRODUCTS_DIR; };
		7FF80BF425B99D5A00723384 /* rutasUITests.swift */ = {isa = PBXFileReference; lastKnownFileType = sourcecode.swift; path = rutasUITests.swift; sourceTree = "<group>"; };
		7FF80BF625B99D5A00723384 /* Info.plist */ = {isa = PBXFileReference; lastKnownFileType = text.plist.xml; path = Info.plist; sourceTree = "<group>"; };
		E796129CFEC1BE0ABB2EFE50 /* Pods_rutas.framework */ = {isa = PBXFileReference; explicitFileType = wrapper.framework; includeInIndex = 0; path = Pods_rutas.framework; sourceTree = BUILT_PRODUCTS_DIR; };
/* End PBXFileReference section */

/* Begin PBXFrameworksBuildPhase section */
		7FF80BCC25B99D5900723384 /* Frameworks */ = {
			isa = PBXFrameworksBuildPhase;
			buildActionMask = 2147483647;
			files = (
				C06146A6F6B21B93FE71C4FA /* Pods_rutas.framework in Frameworks */,
			);
			runOnlyForDeploymentPostprocessing = 0;
		};
		7FF80BE225B99D5A00723384 /* Frameworks */ = {
			isa = PBXFrameworksBuildPhase;
			buildActionMask = 2147483647;
			files = (
			);
			runOnlyForDeploymentPostprocessing = 0;
		};
		7FF80BED25B99D5A00723384 /* Frameworks */ = {
			isa = PBXFrameworksBuildPhase;
			buildActionMask = 2147483647;
			files = (
			);
			runOnlyForDeploymentPostprocessing = 0;
		};
/* End PBXFrameworksBuildPhase section */

/* Begin PBXGroup section */
		668DBAA2A8CDDE02A9A7E024 /* Frameworks */ = {
			isa = PBXGroup;
			children = (
				E796129CFEC1BE0ABB2EFE50 /* Pods_rutas.framework */,
			);
			name = Frameworks;
			sourceTree = "<group>";
		};
		756F8E27583E0708AB459D09 /* Pods */ = {
			isa = PBXGroup;
			children = (
				7FB19A09C07514186E0C471D /* Pods-rutas.debug.xcconfig */,
				6798D9637F3096D5C2A5DDC3 /* Pods-rutas.release.xcconfig */,
			);
			path = Pods;
			sourceTree = "<group>";
		};
		7FF80BC625B99D5900723384 = {
			isa = PBXGroup;
			children = (
				7FF80BD125B99D5900723384 /* rutas */,
				7FF80BE825B99D5A00723384 /* rutasTests */,
				7FF80BF325B99D5A00723384 /* rutasUITests */,
				7FF80BD025B99D5900723384 /* Products */,
				756F8E27583E0708AB459D09 /* Pods */,
				668DBAA2A8CDDE02A9A7E024 /* Frameworks */,
			);
			sourceTree = "<group>";
		};
		7FF80BD025B99D5900723384 /* Products */ = {
			isa = PBXGroup;
			children = (
				7FF80BCF25B99D5900723384 /* rutas.app */,
				7FF80BE525B99D5A00723384 /* rutasTests.xctest */,
				7FF80BF025B99D5A00723384 /* rutasUITests.xctest */,
			);
			name = Products;
			sourceTree = "<group>";
		};
		7FF80BD125B99D5900723384 /* rutas */ = {
			isa = PBXGroup;
			children = (
				7FF0932C25E922350059B65B /* casaCorreos.jpg */,
				7FF0932E25E9223E0059B65B /* madridWP.jpg */,
				7FF0933025E922490059B65B /* plasaMaior.jpg */,
				7FF0933225E922500059B65B /* cibeles.jpg */,
				7FF0933425E922590059B65B /* nepetuno.jpg */,
				7FF0933625E922620059B65B /* puertaAlcala.jpg */,
				7FF0933825E922690059B65B /* colon.jpg */,
				7FF0933A25E922720059B65B /* debod.jpg */,
				7FF0933C25E922790059B65B /* oso.jpg */,
				7FF80BD225B99D5900723384 /* AppDelegate.swift */,
				7FF80BD425B99D5900723384 /* SceneDelegate.swift */,
				7FF80BD625B99D5900723384 /* loginViewController.swift */,
				0D61C2AC25E9145E00EA316E /* cameraViewController.swift */,
				7FF80BD825B99D5900723384 /* Main.storyboard */,
				7FF0932A25E921370059B65B /* mapa1.mlmodel */,
				0D8E6A8525C428C500E9A583 /* registerViewController.swift */,
				0D8E644325CAD8A900D8B59F /* profileViewController.swift */,
				0D80403D25D1653B00D42874 /* infoViewController.swift */,
				0D8E6A8F25C42B3100E9A583 /* recoverPWViewController.swift */,
				0D8E6A8D25C42AF800E9A583 /* changePWViewController.swift */,
				0D8E6A8925C42A6900E9A583 /* settingsViewController.swift */,
				0D8E6A8725C42A1000E9A583 /* routeViewController.swift */,
				0D13B70325C2E1DD009FA822 /* mapViewController.swift */,
				0D80403B25D15E6100D42874 /* mapSettingsViewController.swift */,
<<<<<<< HEAD
				0D44E9E225FA506700ADD81A /* listMonumentsController.swift */,
=======
				7FEFE94825F7A423007B6480 /* listMonumentsController.swift */,
>>>>>>> b13ce0809c2c353dbe44021cc4b8b37c58450922
				7F38F2DF25D6B3360002E75E /* APIManager.swift */,
				7F38F2E125D6B4230002E75E /* User.swift */,
				7FF80BDB25B99D5A00723384 /* Assets.xcassets */,
				7FF80BDD25B99D5A00723384 /* LaunchScreen.storyboard */,
				7FF80BE025B99D5A00723384 /* Info.plist */,
				7FCF03AE25EE5C6900AEC88D /* Route.swift */,
			);
			path = rutas;
			sourceTree = "<group>";
		};
		7FF80BE825B99D5A00723384 /* rutasTests */ = {
			isa = PBXGroup;
			children = (
				7FF80BE925B99D5A00723384 /* rutasTests.swift */,
				7FF80BEB25B99D5A00723384 /* Info.plist */,
			);
			path = rutasTests;
			sourceTree = "<group>";
		};
		7FF80BF325B99D5A00723384 /* rutasUITests */ = {
			isa = PBXGroup;
			children = (
				7FF80BF425B99D5A00723384 /* rutasUITests.swift */,
				7FF80BF625B99D5A00723384 /* Info.plist */,
			);
			path = rutasUITests;
			sourceTree = "<group>";
		};
/* End PBXGroup section */

/* Begin PBXNativeTarget section */
		7FF80BCE25B99D5900723384 /* rutas */ = {
			isa = PBXNativeTarget;
			buildConfigurationList = 7FF80BF925B99D5A00723384 /* Build configuration list for PBXNativeTarget "rutas" */;
			buildPhases = (
				76E6DD41C1847AD3479E8427 /* [CP] Check Pods Manifest.lock */,
				7FF80BCB25B99D5900723384 /* Sources */,
				7FF80BCC25B99D5900723384 /* Frameworks */,
				7FF80BCD25B99D5900723384 /* Resources */,
				38BF13A9631DB44F64CE2262 /* [CP] Embed Pods Frameworks */,
			);
			buildRules = (
			);
			dependencies = (
			);
			name = rutas;
			productName = rutas;
			productReference = 7FF80BCF25B99D5900723384 /* rutas.app */;
			productType = "com.apple.product-type.application";
		};
		7FF80BE425B99D5A00723384 /* rutasTests */ = {
			isa = PBXNativeTarget;
			buildConfigurationList = 7FF80BFC25B99D5A00723384 /* Build configuration list for PBXNativeTarget "rutasTests" */;
			buildPhases = (
				7FF80BE125B99D5A00723384 /* Sources */,
				7FF80BE225B99D5A00723384 /* Frameworks */,
				7FF80BE325B99D5A00723384 /* Resources */,
			);
			buildRules = (
			);
			dependencies = (
				7FF80BE725B99D5A00723384 /* PBXTargetDependency */,
			);
			name = rutasTests;
			productName = rutasTests;
			productReference = 7FF80BE525B99D5A00723384 /* rutasTests.xctest */;
			productType = "com.apple.product-type.bundle.unit-test";
		};
		7FF80BEF25B99D5A00723384 /* rutasUITests */ = {
			isa = PBXNativeTarget;
			buildConfigurationList = 7FF80BFF25B99D5A00723384 /* Build configuration list for PBXNativeTarget "rutasUITests" */;
			buildPhases = (
				7FF80BEC25B99D5A00723384 /* Sources */,
				7FF80BED25B99D5A00723384 /* Frameworks */,
				7FF80BEE25B99D5A00723384 /* Resources */,
			);
			buildRules = (
			);
			dependencies = (
				7FF80BF225B99D5A00723384 /* PBXTargetDependency */,
			);
			name = rutasUITests;
			productName = rutasUITests;
			productReference = 7FF80BF025B99D5A00723384 /* rutasUITests.xctest */;
			productType = "com.apple.product-type.bundle.ui-testing";
		};
/* End PBXNativeTarget section */

/* Begin PBXProject section */
		7FF80BC725B99D5900723384 /* Project object */ = {
			isa = PBXProject;
			attributes = {
				LastSwiftUpdateCheck = 1170;
				LastUpgradeCheck = 1170;
				ORGANIZATIONNAME = alumnos;
				TargetAttributes = {
					7FF80BCE25B99D5900723384 = {
						CreatedOnToolsVersion = 11.7;
					};
					7FF80BE425B99D5A00723384 = {
						CreatedOnToolsVersion = 11.7;
						TestTargetID = 7FF80BCE25B99D5900723384;
					};
					7FF80BEF25B99D5A00723384 = {
						CreatedOnToolsVersion = 11.7;
						TestTargetID = 7FF80BCE25B99D5900723384;
					};
				};
			};
			buildConfigurationList = 7FF80BCA25B99D5900723384 /* Build configuration list for PBXProject "rutas" */;
			compatibilityVersion = "Xcode 9.3";
			developmentRegion = en;
			hasScannedForEncodings = 0;
			knownRegions = (
				en,
				Base,
			);
			mainGroup = 7FF80BC625B99D5900723384;
			productRefGroup = 7FF80BD025B99D5900723384 /* Products */;
			projectDirPath = "";
			projectRoot = "";
			targets = (
				7FF80BCE25B99D5900723384 /* rutas */,
				7FF80BE425B99D5A00723384 /* rutasTests */,
				7FF80BEF25B99D5A00723384 /* rutasUITests */,
			);
		};
/* End PBXProject section */

/* Begin PBXResourcesBuildPhase section */
		7FF80BCD25B99D5900723384 /* Resources */ = {
			isa = PBXResourcesBuildPhase;
			buildActionMask = 2147483647;
			files = (
				7FF0933125E922490059B65B /* plasaMaior.jpg in Resources */,
				7FF0933525E922590059B65B /* nepetuno.jpg in Resources */,
				7FF80BDF25B99D5A00723384 /* LaunchScreen.storyboard in Resources */,
				7FF0933D25E922790059B65B /* oso.jpg in Resources */,
				7FF80BDC25B99D5A00723384 /* Assets.xcassets in Resources */,
				7FF0932F25E9223E0059B65B /* madridWP.jpg in Resources */,
				7FF0933925E922690059B65B /* colon.jpg in Resources */,
				7FF80BDA25B99D5900723384 /* Main.storyboard in Resources */,
				7FF0933B25E922720059B65B /* debod.jpg in Resources */,
				7FF0933725E922620059B65B /* puertaAlcala.jpg in Resources */,
				7FF0932D25E922350059B65B /* casaCorreos.jpg in Resources */,
				7FF0933325E922500059B65B /* cibeles.jpg in Resources */,
			);
			runOnlyForDeploymentPostprocessing = 0;
		};
		7FF80BE325B99D5A00723384 /* Resources */ = {
			isa = PBXResourcesBuildPhase;
			buildActionMask = 2147483647;
			files = (
			);
			runOnlyForDeploymentPostprocessing = 0;
		};
		7FF80BEE25B99D5A00723384 /* Resources */ = {
			isa = PBXResourcesBuildPhase;
			buildActionMask = 2147483647;
			files = (
			);
			runOnlyForDeploymentPostprocessing = 0;
		};
/* End PBXResourcesBuildPhase section */

/* Begin PBXShellScriptBuildPhase section */
		38BF13A9631DB44F64CE2262 /* [CP] Embed Pods Frameworks */ = {
			isa = PBXShellScriptBuildPhase;
			buildActionMask = 2147483647;
			files = (
			);
			inputFileListPaths = (
				"${PODS_ROOT}/Target Support Files/Pods-rutas/Pods-rutas-frameworks-${CONFIGURATION}-input-files.xcfilelist",
			);
			name = "[CP] Embed Pods Frameworks";
			outputFileListPaths = (
				"${PODS_ROOT}/Target Support Files/Pods-rutas/Pods-rutas-frameworks-${CONFIGURATION}-output-files.xcfilelist",
			);
			runOnlyForDeploymentPostprocessing = 0;
			shellPath = /bin/sh;
			shellScript = "\"${PODS_ROOT}/Target Support Files/Pods-rutas/Pods-rutas-frameworks.sh\"\n";
			showEnvVarsInLog = 0;
		};
		76E6DD41C1847AD3479E8427 /* [CP] Check Pods Manifest.lock */ = {
			isa = PBXShellScriptBuildPhase;
			buildActionMask = 2147483647;
			files = (
			);
			inputFileListPaths = (
			);
			inputPaths = (
				"${PODS_PODFILE_DIR_PATH}/Podfile.lock",
				"${PODS_ROOT}/Manifest.lock",
			);
			name = "[CP] Check Pods Manifest.lock";
			outputFileListPaths = (
			);
			outputPaths = (
				"$(DERIVED_FILE_DIR)/Pods-rutas-checkManifestLockResult.txt",
			);
			runOnlyForDeploymentPostprocessing = 0;
			shellPath = /bin/sh;
			shellScript = "diff \"${PODS_PODFILE_DIR_PATH}/Podfile.lock\" \"${PODS_ROOT}/Manifest.lock\" > /dev/null\nif [ $? != 0 ] ; then\n    # print error to STDERR\n    echo \"error: The sandbox is not in sync with the Podfile.lock. Run 'pod install' or update your CocoaPods installation.\" >&2\n    exit 1\nfi\n# This output is used by Xcode 'outputs' to avoid re-running this script phase.\necho \"SUCCESS\" > \"${SCRIPT_OUTPUT_FILE_0}\"\n";
			showEnvVarsInLog = 0;
		};
/* End PBXShellScriptBuildPhase section */

/* Begin PBXSourcesBuildPhase section */
		7FF80BCB25B99D5900723384 /* Sources */ = {
			isa = PBXSourcesBuildPhase;
			buildActionMask = 2147483647;
			files = (
				7FF80BD725B99D5900723384 /* loginViewController.swift in Sources */,
				7FF80BD325B99D5900723384 /* AppDelegate.swift in Sources */,
				0D8E6A9025C42B3100E9A583 /* recoverPWViewController.swift in Sources */,
				0D80403C25D15E6100D42874 /* mapSettingsViewController.swift in Sources */,
<<<<<<< HEAD
				0D44E9E325FA506800ADD81A /* listMonumentsController.swift in Sources */,
=======
				7FEFE94925F7A423007B6480 /* listMonumentsController.swift in Sources */,
>>>>>>> b13ce0809c2c353dbe44021cc4b8b37c58450922
				7FF80BD525B99D5900723384 /* SceneDelegate.swift in Sources */,
				0D8E6A8E25C42AF800E9A583 /* changePWViewController.swift in Sources */,
				7F38F2E225D6B4230002E75E /* User.swift in Sources */,
				0D61C2AD25E9145E00EA316E /* cameraViewController.swift in Sources */,
				0D80403E25D1653B00D42874 /* infoViewController.swift in Sources */,
				7FCF03AF25EE5C6900AEC88D /* Route.swift in Sources */,
				0D8E6A8625C428C500E9A583 /* registerViewController.swift in Sources */,
				0D8E6A8825C42A1000E9A583 /* routeViewController.swift in Sources */,
				0D13B70425C2E1DD009FA822 /* mapViewController.swift in Sources */,
				7FF0932B25E921370059B65B /* mapa1.mlmodel in Sources */,
				7F38F2E025D6B3360002E75E /* APIManager.swift in Sources */,
				0D8E644425CAD8A900D8B59F /* profileViewController.swift in Sources */,
				0D8E6A8A25C42A6900E9A583 /* settingsViewController.swift in Sources */,
			);
			runOnlyForDeploymentPostprocessing = 0;
		};
		7FF80BE125B99D5A00723384 /* Sources */ = {
			isa = PBXSourcesBuildPhase;
			buildActionMask = 2147483647;
			files = (
				7FF80BEA25B99D5A00723384 /* rutasTests.swift in Sources */,
			);
			runOnlyForDeploymentPostprocessing = 0;
		};
		7FF80BEC25B99D5A00723384 /* Sources */ = {
			isa = PBXSourcesBuildPhase;
			buildActionMask = 2147483647;
			files = (
				7FF80BF525B99D5A00723384 /* rutasUITests.swift in Sources */,
			);
			runOnlyForDeploymentPostprocessing = 0;
		};
/* End PBXSourcesBuildPhase section */

/* Begin PBXTargetDependency section */
		7FF80BE725B99D5A00723384 /* PBXTargetDependency */ = {
			isa = PBXTargetDependency;
			target = 7FF80BCE25B99D5900723384 /* rutas */;
			targetProxy = 7FF80BE625B99D5A00723384 /* PBXContainerItemProxy */;
		};
		7FF80BF225B99D5A00723384 /* PBXTargetDependency */ = {
			isa = PBXTargetDependency;
			target = 7FF80BCE25B99D5900723384 /* rutas */;
			targetProxy = 7FF80BF125B99D5A00723384 /* PBXContainerItemProxy */;
		};
/* End PBXTargetDependency section */

/* Begin PBXVariantGroup section */
		7FF80BD825B99D5900723384 /* Main.storyboard */ = {
			isa = PBXVariantGroup;
			children = (
				7FF80BD925B99D5900723384 /* Base */,
			);
			name = Main.storyboard;
			sourceTree = "<group>";
		};
		7FF80BDD25B99D5A00723384 /* LaunchScreen.storyboard */ = {
			isa = PBXVariantGroup;
			children = (
				7FF80BDE25B99D5A00723384 /* Base */,
			);
			name = LaunchScreen.storyboard;
			sourceTree = "<group>";
		};
/* End PBXVariantGroup section */

/* Begin XCBuildConfiguration section */
		7FF80BF725B99D5A00723384 /* Debug */ = {
			isa = XCBuildConfiguration;
			buildSettings = {
				ALWAYS_SEARCH_USER_PATHS = NO;
				CLANG_ANALYZER_NONNULL = YES;
				CLANG_ANALYZER_NUMBER_OBJECT_CONVERSION = YES_AGGRESSIVE;
				CLANG_CXX_LANGUAGE_STANDARD = "gnu++14";
				CLANG_CXX_LIBRARY = "libc++";
				CLANG_ENABLE_MODULES = YES;
				CLANG_ENABLE_OBJC_ARC = YES;
				CLANG_ENABLE_OBJC_WEAK = YES;
				CLANG_WARN_BLOCK_CAPTURE_AUTORELEASING = YES;
				CLANG_WARN_BOOL_CONVERSION = YES;
				CLANG_WARN_COMMA = YES;
				CLANG_WARN_CONSTANT_CONVERSION = YES;
				CLANG_WARN_DEPRECATED_OBJC_IMPLEMENTATIONS = YES;
				CLANG_WARN_DIRECT_OBJC_ISA_USAGE = YES_ERROR;
				CLANG_WARN_DOCUMENTATION_COMMENTS = YES;
				CLANG_WARN_EMPTY_BODY = YES;
				CLANG_WARN_ENUM_CONVERSION = YES;
				CLANG_WARN_INFINITE_RECURSION = YES;
				CLANG_WARN_INT_CONVERSION = YES;
				CLANG_WARN_NON_LITERAL_NULL_CONVERSION = YES;
				CLANG_WARN_OBJC_IMPLICIT_RETAIN_SELF = YES;
				CLANG_WARN_OBJC_LITERAL_CONVERSION = YES;
				CLANG_WARN_OBJC_ROOT_CLASS = YES_ERROR;
				CLANG_WARN_RANGE_LOOP_ANALYSIS = YES;
				CLANG_WARN_STRICT_PROTOTYPES = YES;
				CLANG_WARN_SUSPICIOUS_MOVE = YES;
				CLANG_WARN_UNGUARDED_AVAILABILITY = YES_AGGRESSIVE;
				CLANG_WARN_UNREACHABLE_CODE = YES;
				CLANG_WARN__DUPLICATE_METHOD_MATCH = YES;
				COPY_PHASE_STRIP = NO;
				DEBUG_INFORMATION_FORMAT = dwarf;
				ENABLE_STRICT_OBJC_MSGSEND = YES;
				ENABLE_TESTABILITY = YES;
				GCC_C_LANGUAGE_STANDARD = gnu11;
				GCC_DYNAMIC_NO_PIC = NO;
				GCC_NO_COMMON_BLOCKS = YES;
				GCC_OPTIMIZATION_LEVEL = 0;
				GCC_PREPROCESSOR_DEFINITIONS = (
					"DEBUG=1",
					"$(inherited)",
				);
				GCC_WARN_64_TO_32_BIT_CONVERSION = YES;
				GCC_WARN_ABOUT_RETURN_TYPE = YES_ERROR;
				GCC_WARN_UNDECLARED_SELECTOR = YES;
				GCC_WARN_UNINITIALIZED_AUTOS = YES_AGGRESSIVE;
				GCC_WARN_UNUSED_FUNCTION = YES;
				GCC_WARN_UNUSED_VARIABLE = YES;
				IPHONEOS_DEPLOYMENT_TARGET = 13.7;
				MTL_ENABLE_DEBUG_INFO = INCLUDE_SOURCE;
				MTL_FAST_MATH = YES;
				ONLY_ACTIVE_ARCH = YES;
				SDKROOT = iphoneos;
				SWIFT_ACTIVE_COMPILATION_CONDITIONS = DEBUG;
				SWIFT_OPTIMIZATION_LEVEL = "-Onone";
			};
			name = Debug;
		};
		7FF80BF825B99D5A00723384 /* Release */ = {
			isa = XCBuildConfiguration;
			buildSettings = {
				ALWAYS_SEARCH_USER_PATHS = NO;
				CLANG_ANALYZER_NONNULL = YES;
				CLANG_ANALYZER_NUMBER_OBJECT_CONVERSION = YES_AGGRESSIVE;
				CLANG_CXX_LANGUAGE_STANDARD = "gnu++14";
				CLANG_CXX_LIBRARY = "libc++";
				CLANG_ENABLE_MODULES = YES;
				CLANG_ENABLE_OBJC_ARC = YES;
				CLANG_ENABLE_OBJC_WEAK = YES;
				CLANG_WARN_BLOCK_CAPTURE_AUTORELEASING = YES;
				CLANG_WARN_BOOL_CONVERSION = YES;
				CLANG_WARN_COMMA = YES;
				CLANG_WARN_CONSTANT_CONVERSION = YES;
				CLANG_WARN_DEPRECATED_OBJC_IMPLEMENTATIONS = YES;
				CLANG_WARN_DIRECT_OBJC_ISA_USAGE = YES_ERROR;
				CLANG_WARN_DOCUMENTATION_COMMENTS = YES;
				CLANG_WARN_EMPTY_BODY = YES;
				CLANG_WARN_ENUM_CONVERSION = YES;
				CLANG_WARN_INFINITE_RECURSION = YES;
				CLANG_WARN_INT_CONVERSION = YES;
				CLANG_WARN_NON_LITERAL_NULL_CONVERSION = YES;
				CLANG_WARN_OBJC_IMPLICIT_RETAIN_SELF = YES;
				CLANG_WARN_OBJC_LITERAL_CONVERSION = YES;
				CLANG_WARN_OBJC_ROOT_CLASS = YES_ERROR;
				CLANG_WARN_RANGE_LOOP_ANALYSIS = YES;
				CLANG_WARN_STRICT_PROTOTYPES = YES;
				CLANG_WARN_SUSPICIOUS_MOVE = YES;
				CLANG_WARN_UNGUARDED_AVAILABILITY = YES_AGGRESSIVE;
				CLANG_WARN_UNREACHABLE_CODE = YES;
				CLANG_WARN__DUPLICATE_METHOD_MATCH = YES;
				COPY_PHASE_STRIP = NO;
				DEBUG_INFORMATION_FORMAT = "dwarf-with-dsym";
				ENABLE_NS_ASSERTIONS = NO;
				ENABLE_STRICT_OBJC_MSGSEND = YES;
				GCC_C_LANGUAGE_STANDARD = gnu11;
				GCC_NO_COMMON_BLOCKS = YES;
				GCC_WARN_64_TO_32_BIT_CONVERSION = YES;
				GCC_WARN_ABOUT_RETURN_TYPE = YES_ERROR;
				GCC_WARN_UNDECLARED_SELECTOR = YES;
				GCC_WARN_UNINITIALIZED_AUTOS = YES_AGGRESSIVE;
				GCC_WARN_UNUSED_FUNCTION = YES;
				GCC_WARN_UNUSED_VARIABLE = YES;
				IPHONEOS_DEPLOYMENT_TARGET = 13.7;
				MTL_ENABLE_DEBUG_INFO = NO;
				MTL_FAST_MATH = YES;
				SDKROOT = iphoneos;
				SWIFT_COMPILATION_MODE = wholemodule;
				SWIFT_OPTIMIZATION_LEVEL = "-O";
				VALIDATE_PRODUCT = YES;
			};
			name = Release;
		};
		7FF80BFA25B99D5A00723384 /* Debug */ = {
			isa = XCBuildConfiguration;
			baseConfigurationReference = 7FB19A09C07514186E0C471D /* Pods-rutas.debug.xcconfig */;
			buildSettings = {
				ASSETCATALOG_COMPILER_APPICON_NAME = AppIcon;
				CODE_SIGN_STYLE = Automatic;
				INFOPLIST_FILE = rutas/Info.plist;
				LD_RUNPATH_SEARCH_PATHS = (
					"$(inherited)",
					"@executable_path/Frameworks",
				);
				PRODUCT_BUNDLE_IDENTIFIER = cev.rutas;
				PRODUCT_NAME = "$(TARGET_NAME)";
				SWIFT_VERSION = 5.0;
				TARGETED_DEVICE_FAMILY = "1,2";
			};
			name = Debug;
		};
		7FF80BFB25B99D5A00723384 /* Release */ = {
			isa = XCBuildConfiguration;
			baseConfigurationReference = 6798D9637F3096D5C2A5DDC3 /* Pods-rutas.release.xcconfig */;
			buildSettings = {
				ASSETCATALOG_COMPILER_APPICON_NAME = AppIcon;
				CODE_SIGN_STYLE = Automatic;
				INFOPLIST_FILE = rutas/Info.plist;
				LD_RUNPATH_SEARCH_PATHS = (
					"$(inherited)",
					"@executable_path/Frameworks",
				);
				PRODUCT_BUNDLE_IDENTIFIER = cev.rutas;
				PRODUCT_NAME = "$(TARGET_NAME)";
				SWIFT_VERSION = 5.0;
				TARGETED_DEVICE_FAMILY = "1,2";
			};
			name = Release;
		};
		7FF80BFD25B99D5A00723384 /* Debug */ = {
			isa = XCBuildConfiguration;
			buildSettings = {
				ALWAYS_EMBED_SWIFT_STANDARD_LIBRARIES = YES;
				BUNDLE_LOADER = "$(TEST_HOST)";
				CODE_SIGN_STYLE = Automatic;
				INFOPLIST_FILE = rutasTests/Info.plist;
				IPHONEOS_DEPLOYMENT_TARGET = 13.7;
				LD_RUNPATH_SEARCH_PATHS = (
					"$(inherited)",
					"@executable_path/Frameworks",
					"@loader_path/Frameworks",
				);
				PRODUCT_BUNDLE_IDENTIFIER = cev.rutasTests;
				PRODUCT_NAME = "$(TARGET_NAME)";
				SWIFT_VERSION = 5.0;
				TARGETED_DEVICE_FAMILY = "1,2";
				TEST_HOST = "$(BUILT_PRODUCTS_DIR)/rutas.app/rutas";
			};
			name = Debug;
		};
		7FF80BFE25B99D5A00723384 /* Release */ = {
			isa = XCBuildConfiguration;
			buildSettings = {
				ALWAYS_EMBED_SWIFT_STANDARD_LIBRARIES = YES;
				BUNDLE_LOADER = "$(TEST_HOST)";
				CODE_SIGN_STYLE = Automatic;
				INFOPLIST_FILE = rutasTests/Info.plist;
				IPHONEOS_DEPLOYMENT_TARGET = 13.7;
				LD_RUNPATH_SEARCH_PATHS = (
					"$(inherited)",
					"@executable_path/Frameworks",
					"@loader_path/Frameworks",
				);
				PRODUCT_BUNDLE_IDENTIFIER = cev.rutasTests;
				PRODUCT_NAME = "$(TARGET_NAME)";
				SWIFT_VERSION = 5.0;
				TARGETED_DEVICE_FAMILY = "1,2";
				TEST_HOST = "$(BUILT_PRODUCTS_DIR)/rutas.app/rutas";
			};
			name = Release;
		};
		7FF80C0025B99D5A00723384 /* Debug */ = {
			isa = XCBuildConfiguration;
			buildSettings = {
				ALWAYS_EMBED_SWIFT_STANDARD_LIBRARIES = YES;
				CODE_SIGN_STYLE = Automatic;
				INFOPLIST_FILE = rutasUITests/Info.plist;
				LD_RUNPATH_SEARCH_PATHS = (
					"$(inherited)",
					"@executable_path/Frameworks",
					"@loader_path/Frameworks",
				);
				PRODUCT_BUNDLE_IDENTIFIER = cev.rutasUITests;
				PRODUCT_NAME = "$(TARGET_NAME)";
				SWIFT_VERSION = 5.0;
				TARGETED_DEVICE_FAMILY = "1,2";
				TEST_TARGET_NAME = rutas;
			};
			name = Debug;
		};
		7FF80C0125B99D5A00723384 /* Release */ = {
			isa = XCBuildConfiguration;
			buildSettings = {
				ALWAYS_EMBED_SWIFT_STANDARD_LIBRARIES = YES;
				CODE_SIGN_STYLE = Automatic;
				INFOPLIST_FILE = rutasUITests/Info.plist;
				LD_RUNPATH_SEARCH_PATHS = (
					"$(inherited)",
					"@executable_path/Frameworks",
					"@loader_path/Frameworks",
				);
				PRODUCT_BUNDLE_IDENTIFIER = cev.rutasUITests;
				PRODUCT_NAME = "$(TARGET_NAME)";
				SWIFT_VERSION = 5.0;
				TARGETED_DEVICE_FAMILY = "1,2";
				TEST_TARGET_NAME = rutas;
			};
			name = Release;
		};
/* End XCBuildConfiguration section */

/* Begin XCConfigurationList section */
		7FF80BCA25B99D5900723384 /* Build configuration list for PBXProject "rutas" */ = {
			isa = XCConfigurationList;
			buildConfigurations = (
				7FF80BF725B99D5A00723384 /* Debug */,
				7FF80BF825B99D5A00723384 /* Release */,
			);
			defaultConfigurationIsVisible = 0;
			defaultConfigurationName = Release;
		};
		7FF80BF925B99D5A00723384 /* Build configuration list for PBXNativeTarget "rutas" */ = {
			isa = XCConfigurationList;
			buildConfigurations = (
				7FF80BFA25B99D5A00723384 /* Debug */,
				7FF80BFB25B99D5A00723384 /* Release */,
			);
			defaultConfigurationIsVisible = 0;
			defaultConfigurationName = Release;
		};
		7FF80BFC25B99D5A00723384 /* Build configuration list for PBXNativeTarget "rutasTests" */ = {
			isa = XCConfigurationList;
			buildConfigurations = (
				7FF80BFD25B99D5A00723384 /* Debug */,
				7FF80BFE25B99D5A00723384 /* Release */,
			);
			defaultConfigurationIsVisible = 0;
			defaultConfigurationName = Release;
		};
		7FF80BFF25B99D5A00723384 /* Build configuration list for PBXNativeTarget "rutasUITests" */ = {
			isa = XCConfigurationList;
			buildConfigurations = (
				7FF80C0025B99D5A00723384 /* Debug */,
				7FF80C0125B99D5A00723384 /* Release */,
			);
			defaultConfigurationIsVisible = 0;
			defaultConfigurationName = Release;
		};
/* End XCConfigurationList section */
	};
	rootObject = 7FF80BC725B99D5900723384 /* Project object */;
}
